# Pinned Python 3.11 environment used for the reproducible demo and CI smoke build.
# Refresh deliberately after validating a clean environment on supported platforms.
charset-normalizer==3.4.9
iniconfig==2.3.0
packaging==26.2
pillow==12.3.0
pluggy==1.6.0
pypdf==6.14.2
pygments==2.20.0
pytest==9.1.1
reportlab==5.0.0
ruff==0.15.22
setuptools==68.2.2
wheel==0.45.1
